// !$*UTF8*$!
{
	archiveVersion = 1;
	classes = {
	};
	objectVersion = 48;
	objects = {

/* Begin PBXBuildFile section */
		1282393E2014FB3000FCC667 /* SectionOfRepositoriesModel.swift in Sources */ = {isa = PBXBuildFile; fileRef = 1282393D2014FB3000FCC667 /* SectionOfRepositoriesModel.swift */; };
		12904F2E2010143A00289779 /* Constants.swift in Sources */ = {isa = PBXBuildFile; fileRef = 12904F2D2010143A00289779 /* Constants.swift */; };
		12904F30201014EE00289779 /* RepositoryModel.swift in Sources */ = {isa = PBXBuildFile; fileRef = 12904F2F201014EE00289779 /* RepositoryModel.swift */; };
		12904F342010164400289779 /* APIResource.swift in Sources */ = {isa = PBXBuildFile; fileRef = 12904F332010164400289779 /* APIResource.swift */; };
		12904F37201016B900289779 /* RepositoriesAPI.swift in Sources */ = {isa = PBXBuildFile; fileRef = 12904F36201016B900289779 /* RepositoriesAPI.swift */; };
		12904F392010170000289779 /* APIClient.swift in Sources */ = {isa = PBXBuildFile; fileRef = 12904F382010170000289779 /* APIClient.swift */; };
		12904F3D2011617F00289779 /* RepositoriesViewModel.swift in Sources */ = {isa = PBXBuildFile; fileRef = 12904F3C2011617F00289779 /* RepositoriesViewModel.swift */; };
		12D48F90200EB57200FC8EA0 /* RepositoryCell.swift in Sources */ = {isa = PBXBuildFile; fileRef = 12D48F8F200EB57200FC8EA0 /* RepositoryCell.swift */; };
		12FDA4C7200D78BC00FF29C2 /* AppDelegate.swift in Sources */ = {isa = PBXBuildFile; fileRef = 12FDA4C6200D78BC00FF29C2 /* AppDelegate.swift */; };
		12FDA4C9200D78BC00FF29C2 /* RepositoriesViewController.swift in Sources */ = {isa = PBXBuildFile; fileRef = 12FDA4C8200D78BC00FF29C2 /* RepositoriesViewController.swift */; };
		12FDA4CC200D78BC00FF29C2 /* Main.storyboard in Resources */ = {isa = PBXBuildFile; fileRef = 12FDA4CA200D78BC00FF29C2 /* Main.storyboard */; };
		12FDA4CE200D78BC00FF29C2 /* Assets.xcassets in Resources */ = {isa = PBXBuildFile; fileRef = 12FDA4CD200D78BC00FF29C2 /* Assets.xcassets */; };
		12FDA4D1200D78BC00FF29C2 /* LaunchScreen.storyboard in Resources */ = {isa = PBXBuildFile; fileRef = 12FDA4CF200D78BC00FF29C2 /* LaunchScreen.storyboard */; };
		9FBD5C2FFD9D466BA6714109 /* Pods_GithubViewer.framework in Frameworks */ = {isa = PBXBuildFile; fileRef = 8D0DA098BA54E5B243B9B428 /* Pods_GithubViewer.framework */; };
/* End PBXBuildFile section */

/* Begin PBXFileReference section */
		1282393D2014FB3000FCC667 /* SectionOfRepositoriesModel.swift */ = {isa = PBXFileReference; lastKnownFileType = sourcecode.swift; path = SectionOfRepositoriesModel.swift; sourceTree = "<group>"; };
		12904F2D2010143A00289779 /* Constants.swift */ = {isa = PBXFileReference; lastKnownFileType = sourcecode.swift; path = Constants.swift; sourceTree = "<group>"; };
		12904F2F201014EE00289779 /* RepositoryModel.swift */ = {isa = PBXFileReference; lastKnownFileType = sourcecode.swift; path = RepositoryModel.swift; sourceTree = "<group>"; };
		12904F332010164400289779 /* APIResource.swift */ = {isa = PBXFileReference; lastKnownFileType = sourcecode.swift; path = APIResource.swift; sourceTree = "<group>"; };
		12904F36201016B900289779 /* RepositoriesAPI.swift */ = {isa = PBXFileReference; lastKnownFileType = sourcecode.swift; path = RepositoriesAPI.swift; sourceTree = "<group>"; };
		12904F382010170000289779 /* APIClient.swift */ = {isa = PBXFileReference; lastKnownFileType = sourcecode.swift; path = APIClient.swift; sourceTree = "<group>"; };
		12904F3C2011617F00289779 /* RepositoriesViewModel.swift */ = {isa = PBXFileReference; lastKnownFileType = sourcecode.swift; path = RepositoriesViewModel.swift; sourceTree = "<group>"; };
		12D48F8F200EB57200FC8EA0 /* RepositoryCell.swift */ = {isa = PBXFileReference; lastKnownFileType = sourcecode.swift; path = RepositoryCell.swift; sourceTree = "<group>"; };
		12FDA4C3200D78BC00FF29C2 /* GithubViewer.app */ = {isa = PBXFileReference; explicitFileType = wrapper.application; includeInIndex = 0; path = GithubViewer.app; sourceTree = BUILT_PRODUCTS_DIR; };
		12FDA4C6200D78BC00FF29C2 /* AppDelegate.swift */ = {isa = PBXFileReference; lastKnownFileType = sourcecode.swift; path = AppDelegate.swift; sourceTree = "<group>"; };
		12FDA4C8200D78BC00FF29C2 /* RepositoriesViewController.swift */ = {isa = PBXFileReference; lastKnownFileType = sourcecode.swift; path = RepositoriesViewController.swift; sourceTree = "<group>"; };
		12FDA4CB200D78BC00FF29C2 /* Base */ = {isa = PBXFileReference; lastKnownFileType = file.storyboard; name = Base; path = Base.lproj/Main.storyboard; sourceTree = "<group>"; };
		12FDA4CD200D78BC00FF29C2 /* Assets.xcassets */ = {isa = PBXFileReference; lastKnownFileType = folder.assetcatalog; path = Assets.xcassets; sourceTree = "<group>"; };
		12FDA4D0200D78BC00FF29C2 /* Base */ = {isa = PBXFileReference; lastKnownFileType = file.storyboard; name = Base; path = Base.lproj/LaunchScreen.storyboard; sourceTree = "<group>"; };
		12FDA4D2200D78BC00FF29C2 /* Info.plist */ = {isa = PBXFileReference; lastKnownFileType = text.plist.xml; path = Info.plist; sourceTree = "<group>"; };
		8D0DA098BA54E5B243B9B428 /* Pods_GithubViewer.framework */ = {isa = PBXFileReference; explicitFileType = wrapper.framework; includeInIndex = 0; path = Pods_GithubViewer.framework; sourceTree = BUILT_PRODUCTS_DIR; };
		B486CA514CAEF9D7CFC36AC5 /* Pods-GithubViewer.debug.xcconfig */ = {isa = PBXFileReference; includeInIndex = 1; lastKnownFileType = text.xcconfig; name = "Pods-GithubViewer.debug.xcconfig"; path = "Pods/Target Support Files/Pods-GithubViewer/Pods-GithubViewer.debug.xcconfig"; sourceTree = "<group>"; };
		D227C1B8DF4923E0F3FB0D80 /* Pods-GithubViewer.release.xcconfig */ = {isa = PBXFileReference; includeInIndex = 1; lastKnownFileType = text.xcconfig; name = "Pods-GithubViewer.release.xcconfig"; path = "Pods/Target Support Files/Pods-GithubViewer/Pods-GithubViewer.release.xcconfig"; sourceTree = "<group>"; };
/* End PBXFileReference section */

/* Begin PBXFrameworksBuildPhase section */
		12FDA4C0200D78BC00FF29C2 /* Frameworks */ = {
			isa = PBXFrameworksBuildPhase;
			buildActionMask = 2147483647;
			files = (
				9FBD5C2FFD9D466BA6714109 /* Pods_GithubViewer.framework in Frameworks */,
			);
			runOnlyForDeploymentPostprocessing = 0;
		};
/* End PBXFrameworksBuildPhase section */

/* Begin PBXGroup section */
		12904F312010161A00289779 /* API */ = {
			isa = PBXGroup;
			children = (
				12904F322010162600289779 /* Core */,
				12904F352010169E00289779 /* Repositories */,
			);
			path = API;
			sourceTree = "<group>";
		};
		12904F322010162600289779 /* Core */ = {
			isa = PBXGroup;
			children = (
				12904F382010170000289779 /* APIClient.swift */,
				12904F332010164400289779 /* APIResource.swift */,
			);
			path = Core;
			sourceTree = "<group>";
		};
		12904F352010169E00289779 /* Repositories */ = {
			isa = PBXGroup;
			children = (
				12904F36201016B900289779 /* RepositoriesAPI.swift */,
			);
			path = Repositories;
			sourceTree = "<group>";
		};
		12D48F88200EB02200FC8EA0 /* Global */ = {
			isa = PBXGroup;
			children = (
				12FDA4C6200D78BC00FF29C2 /* AppDelegate.swift */,
				12904F2D2010143A00289779 /* Constants.swift */,
			);
			path = Global;
			sourceTree = "<group>";
		};
		12D48F89200EB02F00FC8EA0 /* Models */ = {
			isa = PBXGroup;
			children = (
				12904F2F201014EE00289779 /* RepositoryModel.swift */,
				1282393D2014FB3000FCC667 /* SectionOfRepositoriesModel.swift */,
			);
			path = Models;
			sourceTree = "<group>";
		};
		12D48F8A200EB05300FC8EA0 /* Views */ = {
			isa = PBXGroup;
			children = (
				12D48F8C200EB12A00FC8EA0 /* Repositories */,
			);
			path = Views;
			sourceTree = "<group>";
		};
		12D48F8B200EB05E00FC8EA0 /* ViewModels */ = {
			isa = PBXGroup;
			children = (
				12904F3C2011617F00289779 /* RepositoriesViewModel.swift */,
			);
			path = ViewModels;
			sourceTree = "<group>";
		};
		12D48F8C200EB12A00FC8EA0 /* Repositories */ = {
			isa = PBXGroup;
			children = (
				12D48F8E200EB4FC00FC8EA0 /* RepositoryCell */,
				12FDA4C8200D78BC00FF29C2 /* RepositoriesViewController.swift */,
				12FDA4CA200D78BC00FF29C2 /* Main.storyboard */,
			);
			path = Repositories;
			sourceTree = "<group>";
		};
		12D48F8E200EB4FC00FC8EA0 /* RepositoryCell */ = {
			isa = PBXGroup;
			children = (
				12D48F8F200EB57200FC8EA0 /* RepositoryCell.swift */,
			);
			path = RepositoryCell;
			sourceTree = "<group>";
		};
		12FDA4BA200D78BC00FF29C2 = {
			isa = PBXGroup;
			children = (
				12FDA4C5200D78BC00FF29C2 /* GithubViewer */,
				12FDA4C4200D78BC00FF29C2 /* Products */,
				CF3D39A77C0B7578AAD09589 /* Pods */,
				DEE45BBAD3B256446D362F36 /* Frameworks */,
			);
			sourceTree = "<group>";
		};
		12FDA4C4200D78BC00FF29C2 /* Products */ = {
			isa = PBXGroup;
			children = (
				12FDA4C3200D78BC00FF29C2 /* GithubViewer.app */,
			);
			name = Products;
			sourceTree = "<group>";
		};
		12FDA4C5200D78BC00FF29C2 /* GithubViewer */ = {
			isa = PBXGroup;
			children = (
				12904F312010161A00289779 /* API */,
				12D48F88200EB02200FC8EA0 /* Global */,
				12D48F89200EB02F00FC8EA0 /* Models */,
				12D48F8A200EB05300FC8EA0 /* Views */,
				12D48F8B200EB05E00FC8EA0 /* ViewModels */,
				12FDA4CF200D78BC00FF29C2 /* LaunchScreen.storyboard */,
				12FDA4CD200D78BC00FF29C2 /* Assets.xcassets */,
				12FDA4D2200D78BC00FF29C2 /* Info.plist */,
			);
			path = GithubViewer;
			sourceTree = "<group>";
		};
		CF3D39A77C0B7578AAD09589 /* Pods */ = {
			isa = PBXGroup;
			children = (
				B486CA514CAEF9D7CFC36AC5 /* Pods-GithubViewer.debug.xcconfig */,
				D227C1B8DF4923E0F3FB0D80 /* Pods-GithubViewer.release.xcconfig */,
			);
			name = Pods;
			sourceTree = "<group>";
		};
		DEE45BBAD3B256446D362F36 /* Frameworks */ = {
			isa = PBXGroup;
			children = (
				8D0DA098BA54E5B243B9B428 /* Pods_GithubViewer.framework */,
			);
			name = Frameworks;
			sourceTree = "<group>";
		};
/* End PBXGroup section */

/* Begin PBXNativeTarget section */
		12FDA4C2200D78BC00FF29C2 /* GithubViewer */ = {
			isa = PBXNativeTarget;
			buildConfigurationList = 12FDA4D5200D78BC00FF29C2 /* Build configuration list for PBXNativeTarget "GithubViewer" */;
			buildPhases = (
				3A3F4CB2A6F0F1BFA3D6F5A4 /* [CP] Check Pods Manifest.lock */,
				12FDA4BF200D78BC00FF29C2 /* Sources */,
				12FDA4C0200D78BC00FF29C2 /* Frameworks */,
				12FDA4C1200D78BC00FF29C2 /* Resources */,
				4D24A62C63E40A69FE2D2A26 /* [CP] Embed Pods Frameworks */,
				1709F0B093FEE92A290FCBBB /* [CP] Copy Pods Resources */,
			);
			buildRules = (
			);
			dependencies = (
			);
			name = GithubViewer;
			productName = GithubViewer;
			productReference = 12FDA4C3200D78BC00FF29C2 /* GithubViewer.app */;
			productType = "com.apple.product-type.application";
		};
/* End PBXNativeTarget section */

/* Begin PBXProject section */
		12FDA4BB200D78BC00FF29C2 /* Project object */ = {
			isa = PBXProject;
			attributes = {
				LastSwiftUpdateCheck = 0920;
				LastUpgradeCheck = 0920;
				ORGANIZATIONNAME = "Haythem BEN AICHA";
				TargetAttributes = {
					12FDA4C2200D78BC00FF29C2 = {
						CreatedOnToolsVersion = 9.2;
						ProvisioningStyle = Automatic;
					};
				};
			};
			buildConfigurationList = 12FDA4BE200D78BC00FF29C2 /* Build configuration list for PBXProject "GithubViewer" */;
			compatibilityVersion = "Xcode 8.0";
			developmentRegion = en;
			hasScannedForEncodings = 0;
			knownRegions = (
				en,
				Base,
			);
			mainGroup = 12FDA4BA200D78BC00FF29C2;
			productRefGroup = 12FDA4C4200D78BC00FF29C2 /* Products */;
			projectDirPath = "";
			projectRoot = "";
			targets = (
				12FDA4C2200D78BC00FF29C2 /* GithubViewer */,
			);
		};
/* End PBXProject section */

/* Begin PBXResourcesBuildPhase section */
		12FDA4C1200D78BC00FF29C2 /* Resources */ = {
			isa = PBXResourcesBuildPhase;
			buildActionMask = 2147483647;
			files = (
				12FDA4D1200D78BC00FF29C2 /* LaunchScreen.storyboard in Resources */,
				12FDA4CE200D78BC00FF29C2 /* Assets.xcassets in Resources */,
				12FDA4CC200D78BC00FF29C2 /* Main.storyboard in Resources */,
			);
			runOnlyForDeploymentPostprocessing = 0;
		};
/* End PBXResourcesBuildPhase section */

/* Begin PBXShellScriptBuildPhase section */
		1709F0B093FEE92A290FCBBB /* [CP] Copy Pods Resources */ = {
			isa = PBXShellScriptBuildPhase;
			buildActionMask = 2147483647;
			files = (
			);
			inputPaths = (
			);
			name = "[CP] Copy Pods Resources";
			outputPaths = (
			);
			runOnlyForDeploymentPostprocessing = 0;
			shellPath = /bin/sh;
			shellScript = "\"${SRCROOT}/Pods/Target Support Files/Pods-GithubViewer/Pods-GithubViewer-resources.sh\"\n";
			showEnvVarsInLog = 0;
		};
		3A3F4CB2A6F0F1BFA3D6F5A4 /* [CP] Check Pods Manifest.lock */ = {
			isa = PBXShellScriptBuildPhase;
			buildActionMask = 2147483647;
			files = (
			);
			inputPaths = (
				"${PODS_PODFILE_DIR_PATH}/Podfile.lock",
				"${PODS_ROOT}/Manifest.lock",
			);
			name = "[CP] Check Pods Manifest.lock";
			outputPaths = (
				"$(DERIVED_FILE_DIR)/Pods-GithubViewer-checkManifestLockResult.txt",
			);
			runOnlyForDeploymentPostprocessing = 0;
			shellPath = /bin/sh;
			shellScript = "diff \"${PODS_PODFILE_DIR_PATH}/Podfile.lock\" \"${PODS_ROOT}/Manifest.lock\" > /dev/null\nif [ $? != 0 ] ; then\n    # print error to STDERR\n    echo \"error: The sandbox is not in sync with the Podfile.lock. Run 'pod install' or update your CocoaPods installation.\" >&2\n    exit 1\nfi\n# This output is used by Xcode 'outputs' to avoid re-running this script phase.\necho \"SUCCESS\" > \"${SCRIPT_OUTPUT_FILE_0}\"\n";
			showEnvVarsInLog = 0;
		};
		4D24A62C63E40A69FE2D2A26 /* [CP] Embed Pods Frameworks */ = {
			isa = PBXShellScriptBuildPhase;
			buildActionMask = 2147483647;
			files = (
			);
			inputPaths = (
				"${SRCROOT}/Pods/Target Support Files/Pods-GithubViewer/Pods-GithubViewer-frameworks.sh",
				"${BUILT_PRODUCTS_DIR}/Differentiator/Differentiator.framework",
				"${BUILT_PRODUCTS_DIR}/RxCocoa/RxCocoa.framework",
				"${BUILT_PRODUCTS_DIR}/RxDataSources/RxDataSources.framework",
				"${BUILT_PRODUCTS_DIR}/RxSwift/RxSwift.framework",
			);
			name = "[CP] Embed Pods Frameworks";
			outputPaths = (
				"${TARGET_BUILD_DIR}/${FRAMEWORKS_FOLDER_PATH}/Differentiator.framework",
				"${TARGET_BUILD_DIR}/${FRAMEWORKS_FOLDER_PATH}/RxCocoa.framework",
				"${TARGET_BUILD_DIR}/${FRAMEWORKS_FOLDER_PATH}/RxDataSources.framework",
				"${TARGET_BUILD_DIR}/${FRAMEWORKS_FOLDER_PATH}/RxSwift.framework",
			);
			runOnlyForDeploymentPostprocessing = 0;
			shellPath = /bin/sh;
			shellScript = "\"${SRCROOT}/Pods/Target Support Files/Pods-GithubViewer/Pods-GithubViewer-frameworks.sh\"\n";
			showEnvVarsInLog = 0;
		};
/* End PBXShellScriptBuildPhase section */

/* Begin PBXSourcesBuildPhase section */
		12FDA4BF200D78BC00FF29C2 /* Sources */ = {
			isa = PBXSourcesBuildPhase;
			buildActionMask = 2147483647;
			files = (
				12904F37201016B900289779 /* RepositoriesAPI.swift in Sources */,
				12D48F90200EB57200FC8EA0 /* RepositoryCell.swift in Sources */,
				12904F30201014EE00289779 /* RepositoryModel.swift in Sources */,
				12904F392010170000289779 /* APIClient.swift in Sources */,
				12904F3D2011617F00289779 /* RepositoriesViewModel.swift in Sources */,
				12FDA4C9200D78BC00FF29C2 /* RepositoriesViewController.swift in Sources */,
				12FDA4C7200D78BC00FF29C2 /* AppDelegate.swift in Sources */,
				12904F342010164400289779 /* APIResource.swift in Sources */,
				1282393E2014FB3000FCC667 /* SectionOfRepositoriesModel.swift in Sources */,
				12904F2E2010143A00289779 /* Constants.swift in Sources */,
			);
			runOnlyForDeploymentPostprocessing = 0;
		};
/* End PBXSourcesBuildPhase section */

/* Begin PBXVariantGroup section */
		12FDA4CA200D78BC00FF29C2 /* Main.storyboard */ = {
			isa = PBXVariantGroup;
			children = (
				12FDA4CB200D78BC00FF29C2 /* Base */,
			);
			name = Main.storyboard;
			sourceTree = "<group>";
		};
		12FDA4CF200D78BC00FF29C2 /* LaunchScreen.storyboard */ = {
			isa = PBXVariantGroup;
			children = (
				12FDA4D0200D78BC00FF29C2 /* Base */,
			);
			name = LaunchScreen.storyboard;
			sourceTree = "<group>";
		};
/* End PBXVariantGroup section */

/* Begin XCBuildConfiguration section */
		12FDA4D3200D78BC00FF29C2 /* Debug */ = {
			isa = XCBuildConfiguration;
			buildSettings = {
				ALWAYS_SEARCH_USER_PATHS = NO;
				CLANG_ANALYZER_NONNULL = YES;
				CLANG_ANALYZER_NUMBER_OBJECT_CONVERSION = YES_AGGRESSIVE;
				CLANG_CXX_LANGUAGE_STANDARD = "gnu++14";
				CLANG_CXX_LIBRARY = "libc++";
				CLANG_ENABLE_MODULES = YES;
				CLANG_ENABLE_OBJC_ARC = YES;
				CLANG_WARN_BLOCK_CAPTURE_AUTORELEASING = YES;
				CLANG_WARN_BOOL_CONVERSION = YES;
				CLANG_WARN_COMMA = YES;
				CLANG_WARN_CONSTANT_CONVERSION = YES;
				CLANG_WARN_DIRECT_OBJC_ISA_USAGE = YES_ERROR;
				CLANG_WARN_DOCUMENTATION_COMMENTS = YES;
				CLANG_WARN_EMPTY_BODY = YES;
				CLANG_WARN_ENUM_CONVERSION = YES;
				CLANG_WARN_INFINITE_RECURSION = YES;
				CLANG_WARN_INT_CONVERSION = YES;
				CLANG_WARN_NON_LITERAL_NULL_CONVERSION = YES;
				CLANG_WARN_OBJC_LITERAL_CONVERSION = YES;
				CLANG_WARN_OBJC_ROOT_CLASS = YES_ERROR;
				CLANG_WARN_RANGE_LOOP_ANALYSIS = YES;
				CLANG_WARN_STRICT_PROTOTYPES = YES;
				CLANG_WARN_SUSPICIOUS_MOVE = YES;
				CLANG_WARN_UNGUARDED_AVAILABILITY = YES_AGGRESSIVE;
				CLANG_WARN_UNREACHABLE_CODE = YES;
				CLANG_WARN__DUPLICATE_METHOD_MATCH = YES;
				CODE_SIGN_IDENTITY = "iPhone Developer";
				COPY_PHASE_STRIP = NO;
				DEBUG_INFORMATION_FORMAT = dwarf;
				ENABLE_STRICT_OBJC_MSGSEND = YES;
				ENABLE_TESTABILITY = YES;
				GCC_C_LANGUAGE_STANDARD = gnu11;
				GCC_DYNAMIC_NO_PIC = NO;
				GCC_NO_COMMON_BLOCKS = YES;
				GCC_OPTIMIZATION_LEVEL = 0;
				GCC_PREPROCESSOR_DEFINITIONS = (
					"DEBUG=1",
					"$(inherited)",
				);
				GCC_WARN_64_TO_32_BIT_CONVERSION = YES;
				GCC_WARN_ABOUT_RETURN_TYPE = YES_ERROR;
				GCC_WARN_UNDECLARED_SELECTOR = YES;
				GCC_WARN_UNINITIALIZED_AUTOS = YES_AGGRESSIVE;
				GCC_WARN_UNUSED_FUNCTION = YES;
				GCC_WARN_UNUSED_VARIABLE = YES;
				IPHONEOS_DEPLOYMENT_TARGET = 11.2;
				MTL_ENABLE_DEBUG_INFO = YES;
				ONLY_ACTIVE_ARCH = YES;
				SDKROOT = iphoneos;
				SWIFT_ACTIVE_COMPILATION_CONDITIONS = DEBUG;
				SWIFT_OPTIMIZATION_LEVEL = "-Onone";
			};
			name = Debug;
		};
		12FDA4D4200D78BC00FF29C2 /* Release */ = {
			isa = XCBuildConfiguration;
			buildSettings = {
				ALWAYS_SEARCH_USER_PATHS = NO;
				CLANG_ANALYZER_NONNULL = YES;
				CLANG_ANALYZER_NUMBER_OBJECT_CONVERSION = YES_AGGRESSIVE;
				CLANG_CXX_LANGUAGE_STANDARD = "gnu++14";
				CLANG_CXX_LIBRARY = "libc++";
				CLANG_ENABLE_MODULES = YES;
				CLANG_ENABLE_OBJC_ARC = YES;
				CLANG_WARN_BLOCK_CAPTURE_AUTORELEASING = YES;
				CLANG_WARN_BOOL_CONVERSION = YES;
				CLANG_WARN_COMMA = YES;
				CLANG_WARN_CONSTANT_CONVERSION = YES;
				CLANG_WARN_DIRECT_OBJC_ISA_USAGE = YES_ERROR;
				CLANG_WARN_DOCUMENTATION_COMMENTS = YES;
				CLANG_WARN_EMPTY_BODY = YES;
				CLANG_WARN_ENUM_CONVERSION = YES;
				CLANG_WARN_INFINITE_RECURSION = YES;
				CLANG_WARN_INT_CONVERSION = YES;
				CLANG_WARN_NON_LITERAL_NULL_CONVERSION = YES;
				CLANG_WARN_OBJC_LITERAL_CONVERSION = YES;
				CLANG_WARN_OBJC_ROOT_CLASS = YES_ERROR;
				CLANG_WARN_RANGE_LOOP_ANALYSIS = YES;
				CLANG_WARN_STRICT_PROTOTYPES = YES;
				CLANG_WARN_SUSPICIOUS_MOVE = YES;
				CLANG_WARN_UNGUARDED_AVAILABILITY = YES_AGGRESSIVE;
				CLANG_WARN_UNREACHABLE_CODE = YES;
				CLANG_WARN__DUPLICATE_METHOD_MATCH = YES;
				CODE_SIGN_IDENTITY = "iPhone Developer";
				COPY_PHASE_STRIP = NO;
				DEBUG_INFORMATION_FORMAT = "dwarf-with-dsym";
				ENABLE_NS_ASSERTIONS = NO;
				ENABLE_STRICT_OBJC_MSGSEND = YES;
				GCC_C_LANGUAGE_STANDARD = gnu11;
				GCC_NO_COMMON_BLOCKS = YES;
				GCC_WARN_64_TO_32_BIT_CONVERSION = YES;
				GCC_WARN_ABOUT_RETURN_TYPE = YES_ERROR;
				GCC_WARN_UNDECLARED_SELECTOR = YES;
				GCC_WARN_UNINITIALIZED_AUTOS = YES_AGGRESSIVE;
				GCC_WARN_UNUSED_FUNCTION = YES;
				GCC_WARN_UNUSED_VARIABLE = YES;
				IPHONEOS_DEPLOYMENT_TARGET = 11.2;
				MTL_ENABLE_DEBUG_INFO = NO;
				SDKROOT = iphoneos;
				SWIFT_OPTIMIZATION_LEVEL = "-Owholemodule";
				VALIDATE_PRODUCT = YES;
			};
			name = Release;
		};
		12FDA4D6200D78BC00FF29C2 /* Debug */ = {
			isa = XCBuildConfiguration;
			baseConfigurationReference = B486CA514CAEF9D7CFC36AC5 /* Pods-GithubViewer.debug.xcconfig */;
			buildSettings = {
				ASSETCATALOG_COMPILER_APPICON_NAME = AppIcon;
				CODE_SIGN_STYLE = Automatic;
				INFOPLIST_FILE = GithubViewer/Info.plist;
				LD_RUNPATH_SEARCH_PATHS = "$(inherited) @executable_path/Frameworks";
				PRODUCT_BUNDLE_IDENTIFIER = ben.aicha.GithubViewer;
				PRODUCT_NAME = "$(TARGET_NAME)";
				SWIFT_VERSION = 4.0;
				TARGETED_DEVICE_FAMILY = "1,2";
			};
			name = Debug;
		};
		12FDA4D7200D78BC00FF29C2 /* Release */ = {
			isa = XCBuildConfiguration;
			baseConfigurationReference = D227C1B8DF4923E0F3FB0D80 /* Pods-GithubViewer.release.xcconfig */;
			buildSettings = {
				ASSETCATALOG_COMPILER_APPICON_NAME = AppIcon;
				CODE_SIGN_STYLE = Automatic;
				INFOPLIST_FILE = GithubViewer/Info.plist;
				LD_RUNPATH_SEARCH_PATHS = "$(inherited) @executable_path/Frameworks";
				PRODUCT_BUNDLE_IDENTIFIER = ben.aicha.GithubViewer;
				PRODUCT_NAME = "$(TARGET_NAME)";
				SWIFT_VERSION = 4.0;
				TARGETED_DEVICE_FAMILY = "1,2";
			};
			name = Release;
		};
/* End XCBuildConfiguration section */

/* Begin XCConfigurationList section */
		12FDA4BE200D78BC00FF29C2 /* Build configuration list for PBXProject "GithubViewer" */ = {
			isa = XCConfigurationList;
			buildConfigurations = (
				12FDA4D3200D78BC00FF29C2 /* Debug */,
				12FDA4D4200D78BC00FF29C2 /* Release */,
			);
			defaultConfigurationIsVisible = 0;
			defaultConfigurationName = Release;
		};
		12FDA4D5200D78BC00FF29C2 /* Build configuration list for PBXNativeTarget "GithubViewer" */ = {
			isa = XCConfigurationList;
			buildConfigurations = (
				12FDA4D6200D78BC00FF29C2 /* Debug */,
				12FDA4D7200D78BC00FF29C2 /* Release */,
			);
			defaultConfigurationIsVisible = 0;
			defaultConfigurationName = Release;
		};
/* End XCConfigurationList section */
	};
	rootObject = 12FDA4BB200D78BC00FF29C2 /* Project object */;
}
